
Microsoft Visual Studio Solution File, Format Version 12.00
# Visual Studio Version 17
VisualStudioVersion = 17.14.36203.30 d17.14
MinimumVisualStudioVersion = 10.0.40219.1
Project("{FAE04EC0-301F-11D3-BF4B-00C04F79EFBC}") = "eCommerceEFCoreExample", "eCommerceEFCoreExample\eCommerceEFCoreExample.csproj", "{DAE9718F-F30B-4FC1-AAC1-434FCCC9CA6E}"
EndProject
Global
	GlobalSection(SolutionConfigurationPlatforms) = preSolution
		Debug|Any CPU = Debug|Any CPU
		Release|Any CPU = Release|Any CPU
	EndGlobalSection
	GlobalSection(ProjectConfigurationPlatforms) = postSolution
		{DAE9718F-F30B-4FC1-AAC1-434FCCC9CA6E}.Debug|Any CPU.ActiveCfg = Debug|Any CPU
		{DAE9718F-F30B-4FC1-AAC1-434FCCC9CA6E}.Debug|Any CPU.Build.0 = Debug|Any CPU
		{DAE9718F-F30B-4FC1-AAC1-434FCCC9CA6E}.Release|Any CPU.ActiveCfg = Release|Any CPU
		{DAE9718F-F30B-4FC1-AAC1-434FCCC9CA6E}.Release|Any CPU.Build.0 = Release|Any CPU
	EndGlobalSection
	GlobalSection(SolutionProperties) = preSolution
		HideSolutionNode = FALSE
	EndGlobalSection
	GlobalSection(ExtensibilityGlobals) = postSolution
		SolutionGuid = {5623ADEB-20B2-48EB-A0D9-58FAEE6305D9}
	EndGlobalSection
EndGlobal
