<Solution>
  <Project Path="Que1/Que1.csproj" />
  <Project Path="Que10/Que10.csproj" Id="a6652310-9073-432c-8426-75d474dcf06e" />
  <Project Path="Que11/Que11.csproj" Id="daa474de-c5ad-47ee-b4c8-f47c1abd5b3b" />
  <Project Path="Que12/Que12.csproj" Id="1207f646-6a09-48ed-b27a-a459900212d2" />
  <Project Path="Que13/Que13.csproj" Id="204d242a-d6f7-405c-a66d-10daf0c4a771" />
  <Project Path="Que14/Que14.csproj" Id="38cdf48e-fe94-48dc-a05a-4b641948bbb8" />
  <Project Path="Que15/Que15.csproj" Id="11e7d5e1-0ac5-4c9d-b595-8b7431c9a089" />
  <Project Path="Que2/Que2.csproj" />
  <Project Path="Que3/Que3.csproj" />
  <Project Path="Que4/Que4.csproj" />
  <Project Path="Que5/Que5.csproj" />
  <Project Path="Que6/Que6.csproj" />
  <Project Path="Que7/Que7.csproj" Id="eee7e533-452e-4459-b60a-180c008d0523" />
  <Project Path="Que8/Que8.csproj" Id="5ac03551-02a8-494d-b95c-0f46707d98f6" />
  <Project Path="Que9/Que9.csproj" Id="1b9fff5c-6a52-4bb4-a634-99e28aedf32c" />
</Solution>
